// !$*UTF8*$!
{
	archiveVersion = 1;
	classes = {
	};
	objectVersion = 46;
	objects = {

/* Begin PBXBuildFile section */
		27229AF21EA8B0A9002B242B /* main.m in Sources */ = {isa = PBXBuildFile; fileRef = 27229AF11EA8B0A9002B242B /* main.m */; };
		27229AF51EA8B0A9002B242B /* AppDelegate.m in Sources */ = {isa = PBXBuildFile; fileRef = 27229AF41EA8B0A9002B242B /* AppDelegate.m */; };
		27229AF81EA8B0A9002B242B /* ViewController.m in Sources */ = {isa = PBXBuildFile; fileRef = 27229AF71EA8B0A9002B242B /* ViewController.m */; };
		27229AFB1EA8B0A9002B242B /* Main.storyboard in Resources */ = {isa = PBXBuildFile; fileRef = 27229AF91EA8B0A9002B242B /* Main.storyboard */; };
		27229AFD1EA8B0A9002B242B /* Assets.xcassets in Resources */ = {isa = PBXBuildFile; fileRef = 27229AFC1EA8B0A9002B242B /* Assets.xcassets */; };
		27229B001EA8B0A9002B242B /* LaunchScreen.storyboard in Resources */ = {isa = PBXBuildFile; fileRef = 27229AFE1EA8B0A9002B242B /* LaunchScreen.storyboard */; };
		27E34B261EAC5BE20030099A /* FirstViewController.m in Sources */ = {isa = PBXBuildFile; fileRef = 27E34B251EAC5BE20030099A /* FirstViewController.m */; };
		27E34B291EAC5C6B0030099A /* SecondViewController.m in Sources */ = {isa = PBXBuildFile; fileRef = 27E34B281EAC5C6B0030099A /* SecondViewController.m */; };
		27E34B2D1EAC5F1F0030099A /* DeviceTableViewCell.m in Sources */ = {isa = PBXBuildFile; fileRef = 27E34B2B1EAC5F1F0030099A /* DeviceTableViewCell.m */; };
		27E34B2E1EAC5F1F0030099A /* DeviceTableViewCell.xib in Resources */ = {isa = PBXBuildFile; fileRef = 27E34B2C1EAC5F1F0030099A /* DeviceTableViewCell.xib */; };
		27E34B321EAC64CC0030099A /* ThirdViewController.m in Sources */ = {isa = PBXBuildFile; fileRef = 27E34B311EAC64CC0030099A /* ThirdViewController.m */; };
		27E34B361EAC668D0030099A /* ScanViewController.m in Sources */ = {isa = PBXBuildFile; fileRef = 27E34B351EAC668D0030099A /* ScanViewController.m */; };
/* End PBXBuildFile section */

/* Begin PBXFileReference section */
		27229AED1EA8B0A9002B242B /* BFGarage.app */ = {isa = PBXFileReference; explicitFileType = wrapper.application; includeInIndex = 0; path = BFGarage.app; sourceTree = BUILT_PRODUCTS_DIR; };
		27229AF11EA8B0A9002B242B /* main.m */ = {isa = PBXFileReference; lastKnownFileType = sourcecode.c.objc; path = main.m; sourceTree = "<group>"; };
		27229AF31EA8B0A9002B242B /* AppDelegate.h */ = {isa = PBXFileReference; lastKnownFileType = sourcecode.c.h; path = AppDelegate.h; sourceTree = "<group>"; };
		27229AF41EA8B0A9002B242B /* AppDelegate.m */ = {isa = PBXFileReference; lastKnownFileType = sourcecode.c.objc; path = AppDelegate.m; sourceTree = "<group>"; };
		27229AF61EA8B0A9002B242B /* ViewController.h */ = {isa = PBXFileReference; lastKnownFileType = sourcecode.c.h; path = ViewController.h; sourceTree = "<group>"; };
		27229AF71EA8B0A9002B242B /* ViewController.m */ = {isa = PBXFileReference; lastKnownFileType = sourcecode.c.objc; path = ViewController.m; sourceTree = "<group>"; };
		27229AFA1EA8B0A9002B242B /* Base */ = {isa = PBXFileReference; lastKnownFileType = file.storyboard; name = Base; path = Base.lproj/Main.storyboard; sourceTree = "<group>"; };
		27229AFC1EA8B0A9002B242B /* Assets.xcassets */ = {isa = PBXFileReference; lastKnownFileType = folder.assetcatalog; path = Assets.xcassets; sourceTree = "<group>"; };
		27229AFF1EA8B0A9002B242B /* Base */ = {isa = PBXFileReference; lastKnownFileType = file.storyboard; name = Base; path = Base.lproj/LaunchScreen.storyboard; sourceTree = "<group>"; };
		27229B011EA8B0A9002B242B /* Info.plist */ = {isa = PBXFileReference; lastKnownFileType = text.plist.xml; path = Info.plist; sourceTree = "<group>"; };
		27E34B241EAC5BE20030099A /* FirstViewController.h */ = {isa = PBXFileReference; fileEncoding = 4; lastKnownFileType = sourcecode.c.h; path = FirstViewController.h; sourceTree = "<group>"; };
		27E34B251EAC5BE20030099A /* FirstViewController.m */ = {isa = PBXFileReference; fileEncoding = 4; lastKnownFileType = sourcecode.c.objc; path = FirstViewController.m; sourceTree = "<group>"; };
		27E34B271EAC5C6B0030099A /* SecondViewController.h */ = {isa = PBXFileReference; fileEncoding = 4; lastKnownFileType = sourcecode.c.h; path = SecondViewController.h; sourceTree = "<group>"; };
		27E34B281EAC5C6B0030099A /* SecondViewController.m */ = {isa = PBXFileReference; fileEncoding = 4; lastKnownFileType = sourcecode.c.objc; path = SecondViewController.m; sourceTree = "<group>"; };
		27E34B2A1EAC5F1F0030099A /* DeviceTableViewCell.h */ = {isa = PBXFileReference; fileEncoding = 4; lastKnownFileType = sourcecode.c.h; path = DeviceTableViewCell.h; sourceTree = "<group>"; };
		27E34B2B1EAC5F1F0030099A /* DeviceTableViewCell.m */ = {isa = PBXFileReference; fileEncoding = 4; lastKnownFileType = sourcecode.c.objc; path = DeviceTableViewCell.m; sourceTree = "<group>"; };
		27E34B2C1EAC5F1F0030099A /* DeviceTableViewCell.xib */ = {isa = PBXFileReference; fileEncoding = 4; lastKnownFileType = file.xib; path = DeviceTableViewCell.xib; sourceTree = "<group>"; };
		27E34B301EAC64CC0030099A /* ThirdViewController.h */ = {isa = PBXFileReference; fileEncoding = 4; lastKnownFileType = sourcecode.c.h; path = ThirdViewController.h; sourceTree = "<group>"; };
		27E34B311EAC64CC0030099A /* ThirdViewController.m */ = {isa = PBXFileReference; fileEncoding = 4; lastKnownFileType = sourcecode.c.objc; path = ThirdViewController.m; sourceTree = "<group>"; };
		27E34B341EAC668D0030099A /* ScanViewController.h */ = {isa = PBXFileReference; fileEncoding = 4; lastKnownFileType = sourcecode.c.h; path = ScanViewController.h; sourceTree = "<group>"; };
		27E34B351EAC668D0030099A /* ScanViewController.m */ = {isa = PBXFileReference; fileEncoding = 4; lastKnownFileType = sourcecode.c.objc; path = ScanViewController.m; sourceTree = "<group>"; };
/* End PBXFileReference section */

/* Begin PBXFrameworksBuildPhase section */
		27229AEA1EA8B0A9002B242B /* Frameworks */ = {
			isa = PBXFrameworksBuildPhase;
			buildActionMask = 2147483647;
			files = (
			);
			runOnlyForDeploymentPostprocessing = 0;
		};
/* End PBXFrameworksBuildPhase section */

/* Begin PBXGroup section */
		27229AE41EA8B0A9002B242B = {
			isa = PBXGroup;
			children = (
				27229AEF1EA8B0A9002B242B /* BFGarage */,
				27229AEE1EA8B0A9002B242B /* Products */,
			);
			sourceTree = "<group>";
		};
		27229AEE1EA8B0A9002B242B /* Products */ = {
			isa = PBXGroup;
			children = (
				27229AED1EA8B0A9002B242B /* BFGarage.app */,
			);
			name = Products;
			sourceTree = "<group>";
		};
		27229AEF1EA8B0A9002B242B /* BFGarage */ = {
			isa = PBXGroup;
			children = (
				27E34B371EAC68040030099A /* AppContext */,
				27E34B211EAC5BBC0030099A /* Bussiness */,
				27229AF31EA8B0A9002B242B /* AppDelegate.h */,
				27229AF41EA8B0A9002B242B /* AppDelegate.m */,
				27229AF61EA8B0A9002B242B /* ViewController.h */,
				27229AF71EA8B0A9002B242B /* ViewController.m */,
				27229AF91EA8B0A9002B242B /* Main.storyboard */,
				27229AFC1EA8B0A9002B242B /* Assets.xcassets */,
				27229AFE1EA8B0A9002B242B /* LaunchScreen.storyboard */,
				27229B011EA8B0A9002B242B /* Info.plist */,
				27229AF01EA8B0A9002B242B /* Supporting Files */,
			);
			path = BFGarage;
			sourceTree = "<group>";
		};
		27229AF01EA8B0A9002B242B /* Supporting Files */ = {
			isa = PBXGroup;
			children = (
				27229AF11EA8B0A9002B242B /* main.m */,
			);
			name = "Supporting Files";
			sourceTree = "<group>";
		};
		27E34B211EAC5BBC0030099A /* Bussiness */ = {
			isa = PBXGroup;
			children = (
				27E34B221EAC5BBC0030099A /* FirstItem */,
				27E34B231EAC5BBC0030099A /* SecondItem */,
				27E34B2F1EAC64A40030099A /* ThirdItem */,
			);
			path = Bussiness;
			sourceTree = "<group>";
		};
		27E34B221EAC5BBC0030099A /* FirstItem */ = {
			isa = PBXGroup;
			children = (
				27E34B241EAC5BE20030099A /* FirstViewController.h */,
				27E34B251EAC5BE20030099A /* FirstViewController.m */,
			);
			path = FirstItem;
			sourceTree = "<group>";
		};
		27E34B231EAC5BBC0030099A /* SecondItem */ = {
			isa = PBXGroup;
			children = (
				27E34B331EAC66130030099A /* Detail */,
				27E34B271EAC5C6B0030099A /* SecondViewController.h */,
				27E34B281EAC5C6B0030099A /* SecondViewController.m */,
				27E34B2A1EAC5F1F0030099A /* DeviceTableViewCell.h */,
				27E34B2B1EAC5F1F0030099A /* DeviceTableViewCell.m */,
				27E34B2C1EAC5F1F0030099A /* DeviceTableViewCell.xib */,
			);
			path = SecondItem;
			sourceTree = "<group>";
		};
		27E34B2F1EAC64A40030099A /* ThirdItem */ = {
			isa = PBXGroup;
			children = (
				27E34B301EAC64CC0030099A /* ThirdViewController.h */,
				27E34B311EAC64CC0030099A /* ThirdViewController.m */,
			);
			path = ThirdItem;
			sourceTree = "<group>";
		};
		27E34B331EAC66130030099A /* Detail */ = {
			isa = PBXGroup;
			children = (
				27E34B341EAC668D0030099A /* ScanViewController.h */,
				27E34B351EAC668D0030099A /* ScanViewController.m */,
			);
			path = Detail;
			sourceTree = "<group>";
		};
		27E34B371EAC68040030099A /* AppContext */ = {
			isa = PBXGroup;
			children = (
			);
			path = AppContext;
			sourceTree = "<group>";
		};
/* End PBXGroup section */

/* Begin PBXNativeTarget section */
		27229AEC1EA8B0A9002B242B /* BFGarage */ = {
			isa = PBXNativeTarget;
			buildConfigurationList = 27229B041EA8B0A9002B242B /* Build configuration list for PBXNativeTarget "BFGarage" */;
			buildPhases = (
				27229AE91EA8B0A9002B242B /* Sources */,
				27229AEA1EA8B0A9002B242B /* Frameworks */,
				27229AEB1EA8B0A9002B242B /* Resources */,
			);
			buildRules = (
			);
			dependencies = (
			);
			name = BFGarage;
			productName = BFGarage;
			productReference = 27229AED1EA8B0A9002B242B /* BFGarage.app */;
			productType = "com.apple.product-type.application";
		};
/* End PBXNativeTarget section */

/* Begin PBXProject section */
		27229AE51EA8B0A9002B242B /* Project object */ = {
			isa = PBXProject;
			attributes = {
				LastUpgradeCheck = 0820;
				ORGANIZATIONNAME = com.autohome;
				TargetAttributes = {
					27229AEC1EA8B0A9002B242B = {
						CreatedOnToolsVersion = 8.2.1;
						ProvisioningStyle = Automatic;
					};
				};
			};
			buildConfigurationList = 27229AE81EA8B0A9002B242B /* Build configuration list for PBXProject "BFGarage" */;
			compatibilityVersion = "Xcode 3.2";
			developmentRegion = English;
			hasScannedForEncodings = 0;
			knownRegions = (
				en,
				Base,
			);
			mainGroup = 27229AE41EA8B0A9002B242B;
			productRefGroup = 27229AEE1EA8B0A9002B242B /* Products */;
			projectDirPath = "";
			projectRoot = "";
			targets = (
				27229AEC1EA8B0A9002B242B /* BFGarage */,
			);
		};
/* End PBXProject section */

/* Begin PBXResourcesBuildPhase section */
		27229AEB1EA8B0A9002B242B /* Resources */ = {
			isa = PBXResourcesBuildPhase;
			buildActionMask = 2147483647;
			files = (
				27229B001EA8B0A9002B242B /* LaunchScreen.storyboard in Resources */,
				27229AFD1EA8B0A9002B242B /* Assets.xcassets in Resources */,
				27229AFB1EA8B0A9002B242B /* Main.storyboard in Resources */,
				27E34B2E1EAC5F1F0030099A /* DeviceTableViewCell.xib in Resources */,
			);
			runOnlyForDeploymentPostprocessing = 0;
		};
/* End PBXResourcesBuildPhase section */

/* Begin PBXSourcesBuildPhase section */
		27229AE91EA8B0A9002B242B /* Sources */ = {
			isa = PBXSourcesBuildPhase;
			buildActionMask = 2147483647;
			files = (
				27E34B291EAC5C6B0030099A /* SecondViewController.m in Sources */,
				27229AF81EA8B0A9002B242B /* ViewController.m in Sources */,
				27229AF51EA8B0A9002B242B /* AppDelegate.m in Sources */,
				27E34B361EAC668D0030099A /* ScanViewController.m in Sources */,
				27229AF21EA8B0A9002B242B /* main.m in Sources */,
				27E34B261EAC5BE20030099A /* FirstViewController.m in Sources */,
				27E34B2D1EAC5F1F0030099A /* DeviceTableViewCell.m in Sources */,
				27E34B321EAC64CC0030099A /* ThirdViewController.m in Sources */,
			);
			runOnlyForDeploymentPostprocessing = 0;
		};
/* End PBXSourcesBuildPhase section */

/* Begin PBXVariantGroup section */
		27229AF91EA8B0A9002B242B /* Main.storyboard */ = {
			isa = PBXVariantGroup;
			children = (
				27229AFA1EA8B0A9002B242B /* Base */,
			);
			name = Main.storyboard;
			sourceTree = "<group>";
		};
		27229AFE1EA8B0A9002B242B /* LaunchScreen.storyboard */ = {
			isa = PBXVariantGroup;
			children = (
				27229AFF1EA8B0A9002B242B /* Base */,
			);
			name = LaunchScreen.storyboard;
			sourceTree = "<group>";
		};
/* End PBXVariantGroup section */

/* Begin XCBuildConfiguration section */
		27229B021EA8B0A9002B242B /* Debug */ = {
			isa = XCBuildConfiguration;
			buildSettings = {
				ALWAYS_SEARCH_USER_PATHS = NO;
				CLANG_ANALYZER_NONNULL = YES;
				CLANG_CXX_LANGUAGE_STANDARD = "gnu++0x";
				CLANG_CXX_LIBRARY = "libc++";
				CLANG_ENABLE_MODULES = YES;
				CLANG_ENABLE_OBJC_ARC = YES;
				CLANG_WARN_BOOL_CONVERSION = YES;
				CLANG_WARN_CONSTANT_CONVERSION = YES;
				CLANG_WARN_DIRECT_OBJC_ISA_USAGE = YES_ERROR;
				CLANG_WARN_DOCUMENTATION_COMMENTS = YES;
				CLANG_WARN_EMPTY_BODY = YES;
				CLANG_WARN_ENUM_CONVERSION = YES;
				CLANG_WARN_INFINITE_RECURSION = YES;
				CLANG_WARN_INT_CONVERSION = YES;
				CLANG_WARN_OBJC_ROOT_CLASS = YES_ERROR;
				CLANG_WARN_SUSPICIOUS_MOVE = YES;
				CLANG_WARN_UNREACHABLE_CODE = YES;
				CLANG_WARN__DUPLICATE_METHOD_MATCH = YES;
				"CODE_SIGN_IDENTITY[sdk=iphoneos*]" = "iPhone Developer";
				COPY_PHASE_STRIP = NO;
				DEBUG_INFORMATION_FORMAT = dwarf;
				ENABLE_STRICT_OBJC_MSGSEND = YES;
				ENABLE_TESTABILITY = YES;
				GCC_C_LANGUAGE_STANDARD = gnu99;
				GCC_DYNAMIC_NO_PIC = NO;
				GCC_NO_COMMON_BLOCKS = YES;
				GCC_OPTIMIZATION_LEVEL = 0;
				GCC_PREPROCESSOR_DEFINITIONS = (
					"DEBUG=1",
					"$(inherited)",
				);
				GCC_WARN_64_TO_32_BIT_CONVERSION = YES;
				GCC_WARN_ABOUT_RETURN_TYPE = YES_ERROR;
				GCC_WARN_UNDECLARED_SELECTOR = YES;
				GCC_WARN_UNINITIALIZED_AUTOS = YES_AGGRESSIVE;
				GCC_WARN_UNUSED_FUNCTION = YES;
				GCC_WARN_UNUSED_VARIABLE = YES;
				IPHONEOS_DEPLOYMENT_TARGET = 10.2;
				MTL_ENABLE_DEBUG_INFO = YES;
				ONLY_ACTIVE_ARCH = YES;
				SDKROOT = iphoneos;
				TARGETED_DEVICE_FAMILY = "1,2";
			};
			name = Debug;
		};
		27229B031EA8B0A9002B242B /* Release */ = {
			isa = XCBuildConfiguration;
			buildSettings = {
				ALWAYS_SEARCH_USER_PATHS = NO;
				CLANG_ANALYZER_NONNULL = YES;
				CLANG_CXX_LANGUAGE_STANDARD = "gnu++0x";
				CLANG_CXX_LIBRARY = "libc++";
				CLANG_ENABLE_MODULES = YES;
				CLANG_ENABLE_OBJC_ARC = YES;
				CLANG_WARN_BOOL_CONVERSION = YES;
				CLANG_WARN_CONSTANT_CONVERSION = YES;
				CLANG_WARN_DIRECT_OBJC_ISA_USAGE = YES_ERROR;
				CLANG_WARN_DOCUMENTATION_COMMENTS = YES;
				CLANG_WARN_EMPTY_BODY = YES;
				CLANG_WARN_ENUM_CONVERSION = YES;
				CLANG_WARN_INFINITE_RECURSION = YES;
				CLANG_WARN_INT_CONVERSION = YES;
				CLANG_WARN_OBJC_ROOT_CLASS = YES_ERROR;
				CLANG_WARN_SUSPICIOUS_MOVE = YES;
				CLANG_WARN_UNREACHABLE_CODE = YES;
				CLANG_WARN__DUPLICATE_METHOD_MATCH = YES;
				"CODE_SIGN_IDENTITY[sdk=iphoneos*]" = "iPhone Developer";
				COPY_PHASE_STRIP = NO;
				DEBUG_INFORMATION_FORMAT = "dwarf-with-dsym";
				ENABLE_NS_ASSERTIONS = NO;
				ENABLE_STRICT_OBJC_MSGSEND = YES;
				GCC_C_LANGUAGE_STANDARD = gnu99;
				GCC_NO_COMMON_BLOCKS = YES;
				GCC_WARN_64_TO_32_BIT_CONVERSION = YES;
				GCC_WARN_ABOUT_RETURN_TYPE = YES_ERROR;
				GCC_WARN_UNDECLARED_SELECTOR = YES;
				GCC_WARN_UNINITIALIZED_AUTOS = YES_AGGRESSIVE;
				GCC_WARN_UNUSED_FUNCTION = YES;
				GCC_WARN_UNUSED_VARIABLE = YES;
				IPHONEOS_DEPLOYMENT_TARGET = 10.2;
				MTL_ENABLE_DEBUG_INFO = NO;
				SDKROOT = iphoneos;
				TARGETED_DEVICE_FAMILY = "1,2";
				VALIDATE_PRODUCT = YES;
			};
			name = Release;
		};
		27229B051EA8B0A9002B242B /* Debug */ = {
			isa = XCBuildConfiguration;
			buildSettings = {
				ASSETCATALOG_COMPILER_APPICON_NAME = AppIcon;
				INFOPLIST_FILE = BFGarage/Info.plist;
				LD_RUNPATH_SEARCH_PATHS = "$(inherited) @executable_path/Frameworks";
				PRODUCT_BUNDLE_IDENTIFIER = com.autohome.BFGarage;
				PRODUCT_NAME = "$(TARGET_NAME)";
			};
			name = Debug;
		};
		27229B061EA8B0A9002B242B /* Release */ = {
			isa = XCBuildConfiguration;
			buildSettings = {
				ASSETCATALOG_COMPILER_APPICON_NAME = AppIcon;
				INFOPLIST_FILE = BFGarage/Info.plist;
				LD_RUNPATH_SEARCH_PATHS = "$(inherited) @executable_path/Frameworks";
				PRODUCT_BUNDLE_IDENTIFIER = com.autohome.BFGarage;
				PRODUCT_NAME = "$(TARGET_NAME)";
			};
			name = Release;
		};
/* End XCBuildConfiguration section */

/* Begin XCConfigurationList section */
		27229AE81EA8B0A9002B242B /* Build configuration list for PBXProject "BFGarage" */ = {
			isa = XCConfigurationList;
			buildConfigurations = (
				27229B021EA8B0A9002B242B /* Debug */,
				27229B031EA8B0A9002B242B /* Release */,
			);
			defaultConfigurationIsVisible = 0;
			defaultConfigurationName = Release;
		};
		27229B041EA8B0A9002B242B /* Build configuration list for PBXNativeTarget "BFGarage" */ = {
			isa = XCConfigurationList;
			buildConfigurations = (
				27229B051EA8B0A9002B242B /* Debug */,
				27229B061EA8B0A9002B242B /* Release */,
			);
			defaultConfigurationIsVisible = 0;
			defaultConfigurationName = Release;
		};
/* End XCConfigurationList section */
	};
	rootObject = 27229AE51EA8B0A9002B242B /* Project object */;
}
